
Microsoft Visual Studio Solution File, Format Version 12.00
# Visual Studio Version 17
VisualStudioVersion = 17.10.35013.160
MinimumVisualStudioVersion = 10.0.40219.1
Project("{2150E333-8FDC-42A3-9474-1A3956D46DE8}") = "Frontends", "Frontends", "{AD95CF0F-0185-4336-945B-9DA4B45E6459}"
EndProject
Project("{2150E333-8FDC-42A3-9474-1A3956D46DE8}") = "Services", "Services", "{AFF0B3CA-A15A-4603-90C1-12A530E25803}"
EndProject
Project("{2150E333-8FDC-42A3-9474-1A3956D46DE8}") = "IdentityServer", "IdentityServer", "{A3DC4CF4-F589-4A2A-9306-4A2DF63DFB39}"
EndProject
Project("{2150E333-8FDC-42A3-9474-1A3956D46DE8}") = "Basket", "Basket", "{A31DE360-82F2-48CA-A60D-6CFD38A83673}"
EndProject
Project("{2150E333-8FDC-42A3-9474-1A3956D46DE8}") = "Catalog", "Catalog", "{73D975C9-83EB-46DC-941C-9435C4A0600E}"
EndProject
Project("{2150E333-8FDC-42A3-9474-1A3956D46DE8}") = "Delivery", "Delivery", "{6CDEA99F-1F3A-4E8F-99DA-7B8C825CFF5D}"
EndProject
Project("{2150E333-8FDC-42A3-9474-1A3956D46DE8}") = "Order", "Order", "{F9E53971-D93A-4778-A9EC-30FB18BBAF9D}"
EndProject
Project("{2150E333-8FDC-42A3-9474-1A3956D46DE8}") = "Payment", "Payment", "{293BEF5D-880C-40AE-AE01-CDF591A38829}"
EndProject
Project("{2150E333-8FDC-42A3-9474-1A3956D46DE8}") = "Comment", "Comment", "{6A89617A-F902-4A52-B44E-E6FF561E9965}"
EndProject
Project("{9A19103F-16F7-4668-BE54-9A1E7A4F7556}") = "TakeAway.CatalogApi", "Services\Catalog\TakeAway.CatalogApi\TakeAway.CatalogApi.csproj", "{DE8F6DFA-08F7-4D95-8358-DC55E5786AFC}"
EndProject
Project("{2150E333-8FDC-42A3-9474-1A3956D46DE8}") = "Discount", "Discount", "{ACA61EEC-CFAE-4868-88D9-9E3A9C1E61C7}"
EndProject
Project("{9A19103F-16F7-4668-BE54-9A1E7A4F7556}") = "TakeAway.Discount", "Services\Discount\TakeAway.Discount\TakeAway.Discount.csproj", "{941303FE-D1B4-4A07-97B3-6C1FD14C85E6}"
EndProject
Project("{9A19103F-16F7-4668-BE54-9A1E7A4F7556}") = "TakeAway.IdentityServer", "IdentityServer\TakeAway.IdentityServer\TakeAway.IdentityServer.csproj", "{70C26301-92CB-43D5-BC71-5163D58EB3AD}"
EndProject
Project("{2150E333-8FDC-42A3-9474-1A3956D46DE8}") = "Core", "Core", "{4D60397D-5838-4248-BA0B-AD96D3421D6F}"
EndProject
Project("{2150E333-8FDC-42A3-9474-1A3956D46DE8}") = "Infrastructure", "Infrastructure", "{E159AF26-42F9-4019-A042-920D030819C4}"
EndProject
Project("{2150E333-8FDC-42A3-9474-1A3956D46DE8}") = "Presentation", "Presentation", "{B1CB32F0-3585-4D2A-B145-DC3DCF6C2CE9}"
EndProject
Project("{9A19103F-16F7-4668-BE54-9A1E7A4F7556}") = "TakeAway.Application", "Services\Order\Core\TakeAway.Application\TakeAway.Application.csproj", "{8A30ED4D-CC24-4502-98DC-660BD34E792B}"
EndProject
Project("{9A19103F-16F7-4668-BE54-9A1E7A4F7556}") = "TakeAway.Domain", "Services\Order\Core\TakeAway.Domain\TakeAway.Domain.csproj", "{CDBC1002-BFD6-47F9-9E0F-9D407BC7BAB7}"
EndProject
Project("{9A19103F-16F7-4668-BE54-9A1E7A4F7556}") = "TakeAway.Persistance", "Services\Order\Infrastructure\TakeAway.Persistance\TakeAway.Persistance.csproj", "{1CBC9120-C0D6-41AF-ACB4-9B62BA3939A4}"
EndProject
Project("{FAE04EC0-301F-11D3-BF4B-00C04F79EFBC}") = "TakeAway.OrderPresentation", "Services\Order\Presentation\TakeAway.OrderPresentation\TakeAway.OrderPresentation.csproj", "{B5102813-8AD4-4CFF-9D49-075C9C12EFD7}"
EndProject
Global
	GlobalSection(SolutionConfigurationPlatforms) = preSolution
		Debug|Any CPU = Debug|Any CPU
		Release|Any CPU = Release|Any CPU
	EndGlobalSection
	GlobalSection(ProjectConfigurationPlatforms) = postSolution
		{DE8F6DFA-08F7-4D95-8358-DC55E5786AFC}.Debug|Any CPU.ActiveCfg = Debug|Any CPU
		{DE8F6DFA-08F7-4D95-8358-DC55E5786AFC}.Debug|Any CPU.Build.0 = Debug|Any CPU
		{DE8F6DFA-08F7-4D95-8358-DC55E5786AFC}.Release|Any CPU.ActiveCfg = Release|Any CPU
		{DE8F6DFA-08F7-4D95-8358-DC55E5786AFC}.Release|Any CPU.Build.0 = Release|Any CPU
		{941303FE-D1B4-4A07-97B3-6C1FD14C85E6}.Debug|Any CPU.ActiveCfg = Debug|Any CPU
		{941303FE-D1B4-4A07-97B3-6C1FD14C85E6}.Debug|Any CPU.Build.0 = Debug|Any CPU
		{941303FE-D1B4-4A07-97B3-6C1FD14C85E6}.Release|Any CPU.ActiveCfg = Release|Any CPU
		{941303FE-D1B4-4A07-97B3-6C1FD14C85E6}.Release|Any CPU.Build.0 = Release|Any CPU
		{70C26301-92CB-43D5-BC71-5163D58EB3AD}.Debug|Any CPU.ActiveCfg = Debug|Any CPU
		{70C26301-92CB-43D5-BC71-5163D58EB3AD}.Debug|Any CPU.Build.0 = Debug|Any CPU
		{70C26301-92CB-43D5-BC71-5163D58EB3AD}.Release|Any CPU.ActiveCfg = Release|Any CPU
		{70C26301-92CB-43D5-BC71-5163D58EB3AD}.Release|Any CPU.Build.0 = Release|Any CPU
		{8A30ED4D-CC24-4502-98DC-660BD34E792B}.Debug|Any CPU.ActiveCfg = Debug|Any CPU
		{8A30ED4D-CC24-4502-98DC-660BD34E792B}.Debug|Any CPU.Build.0 = Debug|Any CPU
		{8A30ED4D-CC24-4502-98DC-660BD34E792B}.Release|Any CPU.ActiveCfg = Release|Any CPU
		{8A30ED4D-CC24-4502-98DC-660BD34E792B}.Release|Any CPU.Build.0 = Release|Any CPU
		{CDBC1002-BFD6-47F9-9E0F-9D407BC7BAB7}.Debug|Any CPU.ActiveCfg = Debug|Any CPU
		{CDBC1002-BFD6-47F9-9E0F-9D407BC7BAB7}.Debug|Any CPU.Build.0 = Debug|Any CPU
		{CDBC1002-BFD6-47F9-9E0F-9D407BC7BAB7}.Release|Any CPU.ActiveCfg = Release|Any CPU
		{CDBC1002-BFD6-47F9-9E0F-9D407BC7BAB7}.Release|Any CPU.Build.0 = Release|Any CPU
		{1CBC9120-C0D6-41AF-ACB4-9B62BA3939A4}.Debug|Any CPU.ActiveCfg = Debug|Any CPU
		{1CBC9120-C0D6-41AF-ACB4-9B62BA3939A4}.Debug|Any CPU.Build.0 = Debug|Any CPU
		{1CBC9120-C0D6-41AF-ACB4-9B62BA3939A4}.Release|Any CPU.ActiveCfg = Release|Any CPU
		{1CBC9120-C0D6-41AF-ACB4-9B62BA3939A4}.Release|Any CPU.Build.0 = Release|Any CPU
		{B5102813-8AD4-4CFF-9D49-075C9C12EFD7}.Debug|Any CPU.ActiveCfg = Debug|Any CPU
		{B5102813-8AD4-4CFF-9D49-075C9C12EFD7}.Debug|Any CPU.Build.0 = Debug|Any CPU
		{B5102813-8AD4-4CFF-9D49-075C9C12EFD7}.Release|Any CPU.ActiveCfg = Release|Any CPU
		{B5102813-8AD4-4CFF-9D49-075C9C12EFD7}.Release|Any CPU.Build.0 = Release|Any CPU
	EndGlobalSection
	GlobalSection(SolutionProperties) = preSolution
		HideSolutionNode = FALSE
	EndGlobalSection
	GlobalSection(NestedProjects) = preSolution
		{A31DE360-82F2-48CA-A60D-6CFD38A83673} = {AFF0B3CA-A15A-4603-90C1-12A530E25803}
		{73D975C9-83EB-46DC-941C-9435C4A0600E} = {AFF0B3CA-A15A-4603-90C1-12A530E25803}
		{6CDEA99F-1F3A-4E8F-99DA-7B8C825CFF5D} = {AFF0B3CA-A15A-4603-90C1-12A530E25803}
		{F9E53971-D93A-4778-A9EC-30FB18BBAF9D} = {AFF0B3CA-A15A-4603-90C1-12A530E25803}
		{293BEF5D-880C-40AE-AE01-CDF591A38829} = {AFF0B3CA-A15A-4603-90C1-12A530E25803}
		{6A89617A-F902-4A52-B44E-E6FF561E9965} = {AFF0B3CA-A15A-4603-90C1-12A530E25803}
		{DE8F6DFA-08F7-4D95-8358-DC55E5786AFC} = {73D975C9-83EB-46DC-941C-9435C4A0600E}
		{ACA61EEC-CFAE-4868-88D9-9E3A9C1E61C7} = {AFF0B3CA-A15A-4603-90C1-12A530E25803}
		{941303FE-D1B4-4A07-97B3-6C1FD14C85E6} = {ACA61EEC-CFAE-4868-88D9-9E3A9C1E61C7}
		{70C26301-92CB-43D5-BC71-5163D58EB3AD} = {A3DC4CF4-F589-4A2A-9306-4A2DF63DFB39}
		{4D60397D-5838-4248-BA0B-AD96D3421D6F} = {F9E53971-D93A-4778-A9EC-30FB18BBAF9D}
		{E159AF26-42F9-4019-A042-920D030819C4} = {F9E53971-D93A-4778-A9EC-30FB18BBAF9D}
		{B1CB32F0-3585-4D2A-B145-DC3DCF6C2CE9} = {F9E53971-D93A-4778-A9EC-30FB18BBAF9D}
		{8A30ED4D-CC24-4502-98DC-660BD34E792B} = {4D60397D-5838-4248-BA0B-AD96D3421D6F}
		{CDBC1002-BFD6-47F9-9E0F-9D407BC7BAB7} = {4D60397D-5838-4248-BA0B-AD96D3421D6F}
		{1CBC9120-C0D6-41AF-ACB4-9B62BA3939A4} = {E159AF26-42F9-4019-A042-920D030819C4}
		{B5102813-8AD4-4CFF-9D49-075C9C12EFD7} = {B1CB32F0-3585-4D2A-B145-DC3DCF6C2CE9}
	EndGlobalSection
	GlobalSection(ExtensibilityGlobals) = postSolution
		SolutionGuid = {F92A8A4A-0671-4B8B-82D3-10BB5910B6D4}
	EndGlobalSection
EndGlobal
